// !$*UTF8*$!
{
	archiveVersion = 1;
	classes = {
	};
	objectVersion = 77;
	objects = {

/* Begin PBXBuildFile section */
		C8A277462CF1F61B0064B67F /* libcocoa_utils.dylib in Frameworks */ = {isa = PBXBuildFile; fileRef = C8A2773A2CF1BD6B0064B67F /* libcocoa_utils.dylib */; };
/* End PBXBuildFile section */

/* Begin PBXContainerItemProxy section */
		C8A277432CF1F1DD0064B67F /* PBXContainerItemProxy */ = {
			isa = PBXContainerItemProxy;
			containerPortal = C8A277242CF192730064B67F /* Project object */;
			proxyType = 1;
			remoteGlobalIDString = C8A277392CF1BD6B0064B67F;
			remoteInfo = cocoa_utils;
		};
/* End PBXContainerItemProxy section */

/* Begin PBXCopyFilesBuildPhase section */
		C8A2772A2CF192730064B67F /* CopyFiles */ = {
			isa = PBXCopyFilesBuildPhase;
			buildActionMask = 2147483647;
			dstPath = /usr/share/man/man1/;
			dstSubfolderSpec = 0;
			files = (
			);
			runOnlyForDeploymentPostprocessing = 1;
		};
/* End PBXCopyFilesBuildPhase section */

/* Begin PBXFileReference section */
		C8A2772C2CF192730064B67F /* cmdline_objc_playground */ = {isa = PBXFileReference; explicitFileType = "compiled.mach-o.executable"; includeInIndex = 0; path = cmdline_objc_playground; sourceTree = BUILT_PRODUCTS_DIR; };
		C8A2773A2CF1BD6B0064B67F /* libcocoa_utils.dylib */ = {isa = PBXFileReference; explicitFileType = "compiled.mach-o.dylib"; includeInIndex = 0; path = libcocoa_utils.dylib; sourceTree = BUILT_PRODUCTS_DIR; };
/* End PBXFileReference section */

/* Begin PBXFileSystemSynchronizedRootGroup section */
		C8A2772E2CF192730064B67F /* cmdline_objc_playground */ = {
			isa = PBXFileSystemSynchronizedRootGroup;
			path = cmdline_objc_playground;
			sourceTree = "<group>";
		};
		C8A2773B2CF1BD6B0064B67F /* cocoa_utils */ = {
			isa = PBXFileSystemSynchronizedRootGroup;
			path = cocoa_utils;
			sourceTree = "<group>";
		};
/* End PBXFileSystemSynchronizedRootGroup section */

/* Begin PBXFrameworksBuildPhase section */
		C8A277292CF192730064B67F /* Frameworks */ = {
			isa = PBXFrameworksBuildPhase;
			buildActionMask = 2147483647;
			files = (
				C8A277462CF1F61B0064B67F /* libcocoa_utils.dylib in Frameworks */,
			);
			runOnlyForDeploymentPostprocessing = 0;
		};
		C8A277382CF1BD6B0064B67F /* Frameworks */ = {
			isa = PBXFrameworksBuildPhase;
			buildActionMask = 2147483647;
			files = (
			);
			runOnlyForDeploymentPostprocessing = 0;
		};
/* End PBXFrameworksBuildPhase section */

/* Begin PBXGroup section */
		C8A277232CF192730064B67F = {
			isa = PBXGroup;
			children = (
				C8A2772E2CF192730064B67F /* cmdline_objc_playground */,
				C8A2773B2CF1BD6B0064B67F /* cocoa_utils */,
				C8A277452CF1F61B0064B67F /* Frameworks */,
				C8A2772D2CF192730064B67F /* Products */,
			);
			sourceTree = "<group>";
		};
		C8A2772D2CF192730064B67F /* Products */ = {
			isa = PBXGroup;
			children = (
				C8A2772C2CF192730064B67F /* cmdline_objc_playground */,
				C8A2773A2CF1BD6B0064B67F /* libcocoa_utils.dylib */,
			);
			name = Products;
			sourceTree = "<group>";
		};
		C8A277452CF1F61B0064B67F /* Frameworks */ = {
			isa = PBXGroup;
			children = (
			);
			name = Frameworks;
			sourceTree = "<group>";
		};
/* End PBXGroup section */

/* Begin PBXHeadersBuildPhase section */
		C8A277362CF1BD6B0064B67F /* Headers */ = {
			isa = PBXHeadersBuildPhase;
			buildActionMask = 2147483647;
			files = (
			);
			runOnlyForDeploymentPostprocessing = 0;
		};
/* End PBXHeadersBuildPhase section */

/* Begin PBXNativeTarget section */
		C8A2772B2CF192730064B67F /* cmdline_objc_playground */ = {
			isa = PBXNativeTarget;
			buildConfigurationList = C8A277332CF192730064B67F /* Build configuration list for PBXNativeTarget "cmdline_objc_playground" */;
			buildPhases = (
				C8A277282CF192730064B67F /* Sources */,
				C8A277292CF192730064B67F /* Frameworks */,
				C8A2772A2CF192730064B67F /* CopyFiles */,
			);
			buildRules = (
			);
			dependencies = (
				C8A277442CF1F1DD0064B67F /* PBXTargetDependency */,
			);
			fileSystemSynchronizedGroups = (
				C8A2772E2CF192730064B67F /* cmdline_objc_playground */,
			);
			name = cmdline_objc_playground;
			packageProductDependencies = (
			);
			productName = cmdline_objc_playground;
			productReference = C8A2772C2CF192730064B67F /* cmdline_objc_playground */;
			productType = "com.apple.product-type.tool";
		};
		C8A277392CF1BD6B0064B67F /* cocoa_utils */ = {
			isa = PBXNativeTarget;
			buildConfigurationList = C8A277402CF1BD6B0064B67F /* Build configuration list for PBXNativeTarget "cocoa_utils" */;
			buildPhases = (
				C8A277362CF1BD6B0064B67F /* Headers */,
				C8A277372CF1BD6B0064B67F /* Sources */,
				C8A277382CF1BD6B0064B67F /* Frameworks */,
			);
			buildRules = (
			);
			dependencies = (
			);
			fileSystemSynchronizedGroups = (
				C8A2773B2CF1BD6B0064B67F /* cocoa_utils */,
			);
			name = cocoa_utils;
			packageProductDependencies = (
			);
			productName = cocoa_utils;
			productReference = C8A2773A2CF1BD6B0064B67F /* libcocoa_utils.dylib */;
			productType = "com.apple.product-type.library.dynamic";
		};
/* End PBXNativeTarget section */

/* Begin PBXProject section */
		C8A277242CF192730064B67F /* Project object */ = {
			isa = PBXProject;
			attributes = {
				BuildIndependentTargetsInParallel = 1;
				LastUpgradeCheck = 1610;
				TargetAttributes = {
					C8A2772B2CF192730064B67F = {
						CreatedOnToolsVersion = 16.1;
					};
					C8A277392CF1BD6B0064B67F = {
						CreatedOnToolsVersion = 16.1;
					};
				};
			};
			buildConfigurationList = C8A277272CF192730064B67F /* Build configuration list for PBXProject "cmdline_objc_playground" */;
			developmentRegion = en;
			hasScannedForEncodings = 0;
			knownRegions = (
				en,
				Base,
			);
			mainGroup = C8A277232CF192730064B67F;
			minimizedProjectReferenceProxies = 1;
			preferredProjectObjectVersion = 77;
			productRefGroup = C8A2772D2CF192730064B67F /* Products */;
			projectDirPath = "";
			projectRoot = "";
			targets = (
				C8A2772B2CF192730064B67F /* cmdline_objc_playground */,
				C8A277392CF1BD6B0064B67F /* cocoa_utils */,
			);
		};
/* End PBXProject section */

/* Begin PBXSourcesBuildPhase section */
		C8A277282CF192730064B67F /* Sources */ = {
			isa = PBXSourcesBuildPhase;
			buildActionMask = 2147483647;
			files = (
			);
			runOnlyForDeploymentPostprocessing = 0;
		};
		C8A277372CF1BD6B0064B67F /* Sources */ = {
			isa = PBXSourcesBuildPhase;
			buildActionMask = 2147483647;
			files = (
			);
			runOnlyForDeploymentPostprocessing = 0;
		};
/* End PBXSourcesBuildPhase section */

/* Begin PBXTargetDependency section */
		C8A277442CF1F1DD0064B67F /* PBXTargetDependency */ = {
			isa = PBXTargetDependency;
			target = C8A277392CF1BD6B0064B67F /* cocoa_utils */;
			targetProxy = C8A277432CF1F1DD0064B67F /* PBXContainerItemProxy */;
		};
/* End PBXTargetDependency section */

/* Begin XCBuildConfiguration section */
		C8A277312CF192730064B67F /* Debug */ = {
			isa = XCBuildConfiguration;
			buildSettings = {
				ALWAYS_SEARCH_USER_PATHS = NO;
				ASSETCATALOG_COMPILER_GENERATE_SWIFT_ASSET_SYMBOL_EXTENSIONS = YES;
				CLANG_ANALYZER_NONNULL = YES;
				CLANG_ANALYZER_NUMBER_OBJECT_CONVERSION = YES_AGGRESSIVE;
				CLANG_CXX_LANGUAGE_STANDARD = "gnu++20";
				CLANG_ENABLE_MODULES = YES;
				CLANG_ENABLE_OBJC_ARC = YES;
				CLANG_ENABLE_OBJC_WEAK = YES;
				CLANG_WARN_BLOCK_CAPTURE_AUTORELEASING = YES;
				CLANG_WARN_BOOL_CONVERSION = YES;
				CLANG_WARN_COMMA = YES;
				CLANG_WARN_CONSTANT_CONVERSION = YES;
				CLANG_WARN_DEPRECATED_OBJC_IMPLEMENTATIONS = YES;
				CLANG_WARN_DIRECT_OBJC_ISA_USAGE = YES_ERROR;
				CLANG_WARN_DOCUMENTATION_COMMENTS = YES;
				CLANG_WARN_EMPTY_BODY = YES;
				CLANG_WARN_ENUM_CONVERSION = YES;
				CLANG_WARN_INFINITE_RECURSION = YES;
				CLANG_WARN_INT_CONVERSION = YES;
				CLANG_WARN_NON_LITERAL_NULL_CONVERSION = YES;
				CLANG_WARN_OBJC_IMPLICIT_RETAIN_SELF = YES;
				CLANG_WARN_OBJC_LITERAL_CONVERSION = YES;
				CLANG_WARN_OBJC_ROOT_CLASS = YES_ERROR;
				CLANG_WARN_QUOTED_INCLUDE_IN_FRAMEWORK_HEADER = YES;
				CLANG_WARN_RANGE_LOOP_ANALYSIS = YES;
				CLANG_WARN_STRICT_PROTOTYPES = YES;
				CLANG_WARN_SUSPICIOUS_MOVE = YES;
				CLANG_WARN_UNGUARDED_AVAILABILITY = YES_AGGRESSIVE;
				CLANG_WARN_UNREACHABLE_CODE = YES;
				CLANG_WARN__DUPLICATE_METHOD_MATCH = YES;
				COPY_PHASE_STRIP = NO;
				DEBUG_INFORMATION_FORMAT = dwarf;
				ENABLE_STRICT_OBJC_MSGSEND = YES;
				ENABLE_TESTABILITY = YES;
				ENABLE_USER_SCRIPT_SANDBOXING = YES;
				GCC_C_LANGUAGE_STANDARD = gnu17;
				GCC_DYNAMIC_NO_PIC = NO;
				GCC_NO_COMMON_BLOCKS = YES;
				GCC_OPTIMIZATION_LEVEL = 0;
				GCC_PREPROCESSOR_DEFINITIONS = (
					"DEBUG=1",
					"$(inherited)",
				);
				GCC_WARN_64_TO_32_BIT_CONVERSION = YES;
				GCC_WARN_ABOUT_RETURN_TYPE = YES_ERROR;
				GCC_WARN_UNDECLARED_SELECTOR = YES;
				GCC_WARN_UNINITIALIZED_AUTOS = YES_AGGRESSIVE;
				GCC_WARN_UNUSED_FUNCTION = YES;
				GCC_WARN_UNUSED_VARIABLE = YES;
				"LD_RUNPATH_SEARCH_PATHS[arch=*]" = "@loader_path";
				LOCALIZATION_PREFERS_STRING_CATALOGS = YES;
				MACOSX_DEPLOYMENT_TARGET = 15.1;
				MTL_ENABLE_DEBUG_INFO = INCLUDE_SOURCE;
				MTL_FAST_MATH = YES;
				ONLY_ACTIVE_ARCH = YES;
				SDKROOT = macosx;
			};
			name = Debug;
		};
		C8A277322CF192730064B67F /* Release */ = {
			isa = XCBuildConfiguration;
			buildSettings = {
				ALWAYS_SEARCH_USER_PATHS = NO;
				ASSETCATALOG_COMPILER_GENERATE_SWIFT_ASSET_SYMBOL_EXTENSIONS = YES;
				CLANG_ANALYZER_NONNULL = YES;
				CLANG_ANALYZER_NUMBER_OBJECT_CONVERSION = YES_AGGRESSIVE;
				CLANG_CXX_LANGUAGE_STANDARD = "gnu++20";
				CLANG_ENABLE_MODULES = YES;
				CLANG_ENABLE_OBJC_ARC = YES;
				CLANG_ENABLE_OBJC_WEAK = YES;
				CLANG_WARN_BLOCK_CAPTURE_AUTORELEASING = YES;
				CLANG_WARN_BOOL_CONVERSION = YES;
				CLANG_WARN_COMMA = YES;
				CLANG_WARN_CONSTANT_CONVERSION = YES;
				CLANG_WARN_DEPRECATED_OBJC_IMPLEMENTATIONS = YES;
				CLANG_WARN_DIRECT_OBJC_ISA_USAGE = YES_ERROR;
				CLANG_WARN_DOCUMENTATION_COMMENTS = YES;
				CLANG_WARN_EMPTY_BODY = YES;
				CLANG_WARN_ENUM_CONVERSION = YES;
				CLANG_WARN_INFINITE_RECURSION = YES;
				CLANG_WARN_INT_CONVERSION = YES;
				CLANG_WARN_NON_LITERAL_NULL_CONVERSION = YES;
				CLANG_WARN_OBJC_IMPLICIT_RETAIN_SELF = YES;
				CLANG_WARN_OBJC_LITERAL_CONVERSION = YES;
				CLANG_WARN_OBJC_ROOT_CLASS = YES_ERROR;
				CLANG_WARN_QUOTED_INCLUDE_IN_FRAMEWORK_HEADER = YES;
				CLANG_WARN_RANGE_LOOP_ANALYSIS = YES;
				CLANG_WARN_STRICT_PROTOTYPES = YES;
				CLANG_WARN_SUSPICIOUS_MOVE = YES;
				CLANG_WARN_UNGUARDED_AVAILABILITY = YES_AGGRESSIVE;
				CLANG_WARN_UNREACHABLE_CODE = YES;
				CLANG_WARN__DUPLICATE_METHOD_MATCH = YES;
				COPY_PHASE_STRIP = NO;
				DEBUG_INFORMATION_FORMAT = "dwarf-with-dsym";
				ENABLE_NS_ASSERTIONS = NO;
				ENABLE_STRICT_OBJC_MSGSEND = YES;
				ENABLE_USER_SCRIPT_SANDBOXING = YES;
				GCC_C_LANGUAGE_STANDARD = gnu17;
				GCC_NO_COMMON_BLOCKS = YES;
				GCC_WARN_64_TO_32_BIT_CONVERSION = YES;
				GCC_WARN_ABOUT_RETURN_TYPE = YES_ERROR;
				GCC_WARN_UNDECLARED_SELECTOR = YES;
				GCC_WARN_UNINITIALIZED_AUTOS = YES_AGGRESSIVE;
				GCC_WARN_UNUSED_FUNCTION = YES;
				GCC_WARN_UNUSED_VARIABLE = YES;
				"LD_RUNPATH_SEARCH_PATHS[arch=*]" = "@loader_path";
				LOCALIZATION_PREFERS_STRING_CATALOGS = YES;
				MACOSX_DEPLOYMENT_TARGET = 15.1;
				MTL_ENABLE_DEBUG_INFO = NO;
				MTL_FAST_MATH = YES;
				SDKROOT = macosx;
			};
			name = Release;
		};
		C8A277342CF192730064B67F /* Debug */ = {
			isa = XCBuildConfiguration;
			buildSettings = {
				CLANG_ENABLE_OBJC_ARC = YES;
				CODE_SIGN_STYLE = Automatic;
				"LD_RUNPATH_SEARCH_PATHS[arch=*]" = "@loader_path";
				PRODUCT_NAME = "$(TARGET_NAME)";
			};
			name = Debug;
		};
		C8A277352CF192730064B67F /* Release */ = {
			isa = XCBuildConfiguration;
			buildSettings = {
				CLANG_ENABLE_OBJC_ARC = YES;
				CODE_SIGN_STYLE = Automatic;
				"LD_RUNPATH_SEARCH_PATHS[arch=*]" = "@loader_path";
				PRODUCT_NAME = "$(TARGET_NAME)";
			};
			name = Release;
		};
		C8A277412CF1BD6B0064B67F /* Debug */ = {
			isa = XCBuildConfiguration;
			buildSettings = {
				CLANG_ENABLE_OBJC_ARC = NO;
				CODE_SIGN_STYLE = Automatic;
				DYLIB_COMPATIBILITY_VERSION = 1;
				DYLIB_CURRENT_VERSION = 1;
				"DYLIB_INSTALL_NAME_BASE[arch=*]" = "@rpath";
				EXECUTABLE_PREFIX = lib;
				PRODUCT_NAME = "$(TARGET_NAME)";
				SKIP_INSTALL = YES;
			};
			name = Debug;
		};
		C8A277422CF1BD6B0064B67F /* Release */ = {
			isa = XCBuildConfiguration;
			buildSettings = {
				CLANG_ENABLE_OBJC_ARC = NO;
				CODE_SIGN_STYLE = Automatic;
				DYLIB_COMPATIBILITY_VERSION = 1;
				DYLIB_CURRENT_VERSION = 1;
				"DYLIB_INSTALL_NAME_BASE[arch=*]" = "@rpath";
				EXECUTABLE_PREFIX = lib;
				PRODUCT_NAME = "$(TARGET_NAME)";
				SKIP_INSTALL = YES;
			};
			name = Release;
		};
/* End XCBuildConfiguration section */

/* Begin XCConfigurationList section */
		C8A277272CF192730064B67F /* Build configuration list for PBXProject "cmdline_objc_playground" */ = {
			isa = XCConfigurationList;
			buildConfigurations = (
				C8A277312CF192730064B67F /* Debug */,
				C8A277322CF192730064B67F /* Release */,
			);
			defaultConfigurationIsVisible = 0;
			defaultConfigurationName = Release;
		};
		C8A277332CF192730064B67F /* Build configuration list for PBXNativeTarget "cmdline_objc_playground" */ = {
			isa = XCConfigurationList;
			buildConfigurations = (
				C8A277342CF192730064B67F /* Debug */,
				C8A277352CF192730064B67F /* Release */,
			);
			defaultConfigurationIsVisible = 0;
			defaultConfigurationName = Release;
		};
		C8A277402CF1BD6B0064B67F /* Build configuration list for PBXNativeTarget "cocoa_utils" */ = {
			isa = XCConfigurationList;
			buildConfigurations = (
				C8A277412CF1BD6B0064B67F /* Debug */,
				C8A277422CF1BD6B0064B67F /* Release */,
			);
			defaultConfigurationIsVisible = 0;
			defaultConfigurationName = Release;
		};
/* End XCConfigurationList section */
	};
	rootObject = C8A277242CF192730064B67F /* Project object */;
}
